<?xml version="1.0" encoding="utf-8"?>
<Project ToolsVersion="4.0" xmlns="http://schemas.microsoft.com/developer/msbuild/2003">
  <ItemGroup>
    <ClInclude Include="stdafx.h" />
    <ClInclude Include="targetver.h" />
  </ItemGroup>
  <ItemGroup>
    <ClCompile Include="stdafx.cpp" />
    <ClCompile Include="ZipFileTest.cpp" />
  </ItemGroup>
  <ItemGroup>
    <Filter Include="testData">
      <UniqueIdentifier>{0f9103c1-118a-4bec-9d40-bf947ce62b25}</UniqueIdentifier>
    </Filter>
  </ItemGroup>
  <ItemGroup>
    <CustomBuild Include="testData\test.zip">
      <Filter>testData</Filter>
    </CustomBuild>
  </ItemGroup>
</Project>